// !$*UTF8*$!
{
	archiveVersion = 1;
	classes = {
	};
	objectVersion = 50;
	objects = {

/* Begin PBXBuildFile section */
		87AF555B20A9824100B9A8B6 /* AppDelegate.swift in Sources */ = {isa = PBXBuildFile; fileRef = 87AF555A20A9824100B9A8B6 /* AppDelegate.swift */; };
		87AF555D20A9824100B9A8B6 /* ViewController.swift in Sources */ = {isa = PBXBuildFile; fileRef = 87AF555C20A9824100B9A8B6 /* ViewController.swift */; };
		87AF556020A9824100B9A8B6 /* Main.storyboard in Resources */ = {isa = PBXBuildFile; fileRef = 87AF555E20A9824100B9A8B6 /* Main.storyboard */; };
		87AF556320A9824100B9A8B6 /* UserProfileSync.xcdatamodeld in Sources */ = {isa = PBXBuildFile; fileRef = 87AF556120A9824100B9A8B6 /* UserProfileSync.xcdatamodeld */; };
		87AF556520A9824300B9A8B6 /* Assets.xcassets in Resources */ = {isa = PBXBuildFile; fileRef = 87AF556420A9824300B9A8B6 /* Assets.xcassets */; };
		87AF556820A9824300B9A8B6 /* LaunchScreen.storyboard in Resources */ = {isa = PBXBuildFile; fileRef = 87AF556620A9824300B9A8B6 /* LaunchScreen.storyboard */; };
		87AF557320A9824300B9A8B6 /* UserProfileSyncTests.swift in Sources */ = {isa = PBXBuildFile; fileRef = 87AF557220A9824300B9A8B6 /* UserProfileSyncTests.swift */; };
		87AF557E20A9824300B9A8B6 /* UserProfileSyncUITests.swift in Sources */ = {isa = PBXBuildFile; fileRef = 87AF557D20A9824300B9A8B6 /* UserProfileSyncUITests.swift */; };
/* End PBXBuildFile section */

/* Begin PBXContainerItemProxy section */
		87AF556F20A9824300B9A8B6 /* PBXContainerItemProxy */ = {
			isa = PBXContainerItemProxy;
			containerPortal = 87AF554F20A9824100B9A8B6 /* Project object */;
			proxyType = 1;
			remoteGlobalIDString = 87AF555620A9824100B9A8B6;
			remoteInfo = UserProfileSync;
		};
		87AF557A20A9824300B9A8B6 /* PBXContainerItemProxy */ = {
			isa = PBXContainerItemProxy;
			containerPortal = 87AF554F20A9824100B9A8B6 /* Project object */;
			proxyType = 1;
			remoteGlobalIDString = 87AF555620A9824100B9A8B6;
			remoteInfo = UserProfileSync;
		};
/* End PBXContainerItemProxy section */

/* Begin PBXFileReference section */
		87AF555720A9824100B9A8B6 /* UserProfileSync.app */ = {isa = PBXFileReference; explicitFileType = wrapper.application; includeInIndex = 0; path = UserProfileSync.app; sourceTree = BUILT_PRODUCTS_DIR; };
		87AF555A20A9824100B9A8B6 /* AppDelegate.swift */ = {isa = PBXFileReference; lastKnownFileType = sourcecode.swift; path = AppDelegate.swift; sourceTree = "<group>"; };
		87AF555C20A9824100B9A8B6 /* ViewController.swift */ = {isa = PBXFileReference; lastKnownFileType = sourcecode.swift; path = ViewController.swift; sourceTree = "<group>"; };
		87AF555F20A9824100B9A8B6 /* Base */ = {isa = PBXFileReference; lastKnownFileType = file.storyboard; name = Base; path = Base.lproj/Main.storyboard; sourceTree = "<group>"; };
		87AF556220A9824100B9A8B6 /* UserProfileSync.xcdatamodel */ = {isa = PBXFileReference; lastKnownFileType = wrapper.xcdatamodel; path = UserProfileSync.xcdatamodel; sourceTree = "<group>"; };
		87AF556420A9824300B9A8B6 /* Assets.xcassets */ = {isa = PBXFileReference; lastKnownFileType = folder.assetcatalog; path = Assets.xcassets; sourceTree = "<group>"; };
		87AF556720A9824300B9A8B6 /* Base */ = {isa = PBXFileReference; lastKnownFileType = file.storyboard; name = Base; path = Base.lproj/LaunchScreen.storyboard; sourceTree = "<group>"; };
		87AF556920A9824300B9A8B6 /* Info.plist */ = {isa = PBXFileReference; lastKnownFileType = text.plist.xml; path = Info.plist; sourceTree = "<group>"; };
		87AF556E20A9824300B9A8B6 /* UserProfileSyncTests.xctest */ = {isa = PBXFileReference; explicitFileType = wrapper.cfbundle; includeInIndex = 0; path = UserProfileSyncTests.xctest; sourceTree = BUILT_PRODUCTS_DIR; };
		87AF557220A9824300B9A8B6 /* UserProfileSyncTests.swift */ = {isa = PBXFileReference; lastKnownFileType = sourcecode.swift; path = UserProfileSyncTests.swift; sourceTree = "<group>"; };
		87AF557420A9824300B9A8B6 /* Info.plist */ = {isa = PBXFileReference; lastKnownFileType = text.plist.xml; path = Info.plist; sourceTree = "<group>"; };
		87AF557920A9824300B9A8B6 /* UserProfileSyncUITests.xctest */ = {isa = PBXFileReference; explicitFileType = wrapper.cfbundle; includeInIndex = 0; path = UserProfileSyncUITests.xctest; sourceTree = BUILT_PRODUCTS_DIR; };
		87AF557D20A9824300B9A8B6 /* UserProfileSyncUITests.swift */ = {isa = PBXFileReference; lastKnownFileType = sourcecode.swift; path = UserProfileSyncUITests.swift; sourceTree = "<group>"; };
		87AF557F20A9824300B9A8B6 /* Info.plist */ = {isa = PBXFileReference; lastKnownFileType = text.plist.xml; path = Info.plist; sourceTree = "<group>"; };
/* End PBXFileReference section */

/* Begin PBXFrameworksBuildPhase section */
		87AF555420A9824100B9A8B6 /* Frameworks */ = {
			isa = PBXFrameworksBuildPhase;
			buildActionMask = 2147483647;
			files = (
			);
			runOnlyForDeploymentPostprocessing = 0;
		};
		87AF556B20A9824300B9A8B6 /* Frameworks */ = {
			isa = PBXFrameworksBuildPhase;
			buildActionMask = 2147483647;
			files = (
			);
			runOnlyForDeploymentPostprocessing = 0;
		};
		87AF557620A9824300B9A8B6 /* Frameworks */ = {
			isa = PBXFrameworksBuildPhase;
			buildActionMask = 2147483647;
			files = (
			);
			runOnlyForDeploymentPostprocessing = 0;
		};
/* End PBXFrameworksBuildPhase section */

/* Begin PBXGroup section */
		87AF554E20A9824100B9A8B6 = {
			isa = PBXGroup;
			children = (
				87AF555920A9824100B9A8B6 /* UserProfileSync */,
				87AF557120A9824300B9A8B6 /* UserProfileSyncTests */,
				87AF557C20A9824300B9A8B6 /* UserProfileSyncUITests */,
				87AF555820A9824100B9A8B6 /* Products */,
			);
			sourceTree = "<group>";
		};
		87AF555820A9824100B9A8B6 /* Products */ = {
			isa = PBXGroup;
			children = (
				87AF555720A9824100B9A8B6 /* UserProfileSync.app */,
				87AF556E20A9824300B9A8B6 /* UserProfileSyncTests.xctest */,
				87AF557920A9824300B9A8B6 /* UserProfileSyncUITests.xctest */,
			);
			name = Products;
			sourceTree = "<group>";
		};
		87AF555920A9824100B9A8B6 /* UserProfileSync */ = {
			isa = PBXGroup;
			children = (
				87AF555A20A9824100B9A8B6 /* AppDelegate.swift */,
				87AF555C20A9824100B9A8B6 /* ViewController.swift */,
				87AF555E20A9824100B9A8B6 /* Main.storyboard */,
				87AF556420A9824300B9A8B6 /* Assets.xcassets */,
				87AF556620A9824300B9A8B6 /* LaunchScreen.storyboard */,
				87AF556920A9824300B9A8B6 /* Info.plist */,
				87AF556120A9824100B9A8B6 /* UserProfileSync.xcdatamodeld */,
			);
			path = UserProfileSync;
			sourceTree = "<group>";
		};
		87AF557120A9824300B9A8B6 /* UserProfileSyncTests */ = {
			isa = PBXGroup;
			children = (
				87AF557220A9824300B9A8B6 /* UserProfileSyncTests.swift */,
				87AF557420A9824300B9A8B6 /* Info.plist */,
			);
			path = UserProfileSyncTests;
			sourceTree = "<group>";
		};
		87AF557C20A9824300B9A8B6 /* UserProfileSyncUITests */ = {
			isa = PBXGroup;
			children = (
				87AF557D20A9824300B9A8B6 /* UserProfileSyncUITests.swift */,
				87AF557F20A9824300B9A8B6 /* Info.plist */,
			);
			path = UserProfileSyncUITests;
			sourceTree = "<group>";
		};
/* End PBXGroup section */

/* Begin PBXNativeTarget section */
		87AF555620A9824100B9A8B6 /* UserProfileSync */ = {
			isa = PBXNativeTarget;
			buildConfigurationList = 87AF558220A9824300B9A8B6 /* Build configuration list for PBXNativeTarget "UserProfileSync" */;
			buildPhases = (
				87AF555320A9824100B9A8B6 /* Sources */,
				87AF555420A9824100B9A8B6 /* Frameworks */,
				87AF555520A9824100B9A8B6 /* Resources */,
			);
			buildRules = (
			);
			dependencies = (
			);
			name = UserProfileSync;
			productName = UserProfileSync;
			productReference = 87AF555720A9824100B9A8B6 /* UserProfileSync.app */;
			productType = "com.apple.product-type.application";
		};
		87AF556D20A9824300B9A8B6 /* UserProfileSyncTests */ = {
			isa = PBXNativeTarget;
			buildConfigurationList = 87AF558520A9824300B9A8B6 /* Build configuration list for PBXNativeTarget "UserProfileSyncTests" */;
			buildPhases = (
				87AF556A20A9824300B9A8B6 /* Sources */,
				87AF556B20A9824300B9A8B6 /* Frameworks */,
				87AF556C20A9824300B9A8B6 /* Resources */,
			);
			buildRules = (
			);
			dependencies = (
				87AF557020A9824300B9A8B6 /* PBXTargetDependency */,
			);
			name = UserProfileSyncTests;
			productName = UserProfileSyncTests;
			productReference = 87AF556E20A9824300B9A8B6 /* UserProfileSyncTests.xctest */;
			productType = "com.apple.product-type.bundle.unit-test";
		};
		87AF557820A9824300B9A8B6 /* UserProfileSyncUITests */ = {
			isa = PBXNativeTarget;
			buildConfigurationList = 87AF558820A9824300B9A8B6 /* Build configuration list for PBXNativeTarget "UserProfileSyncUITests" */;
			buildPhases = (
				87AF557520A9824300B9A8B6 /* Sources */,
				87AF557620A9824300B9A8B6 /* Frameworks */,
				87AF557720A9824300B9A8B6 /* Resources */,
			);
			buildRules = (
			);
			dependencies = (
				87AF557B20A9824300B9A8B6 /* PBXTargetDependency */,
			);
			name = UserProfileSyncUITests;
			productName = UserProfileSyncUITests;
			productReference = 87AF557920A9824300B9A8B6 /* UserProfileSyncUITests.xctest */;
			productType = "com.apple.product-type.bundle.ui-testing";
		};
/* End PBXNativeTarget section */

/* Begin PBXProject section */
		87AF554F20A9824100B9A8B6 /* Project object */ = {
			isa = PBXProject;
			attributes = {
				LastSwiftUpdateCheck = 0930;
				LastUpgradeCheck = 0930;
				ORGANIZATIONNAME = "Ola Marius Sagli";
				TargetAttributes = {
					87AF555620A9824100B9A8B6 = {
						CreatedOnToolsVersion = 9.3;
					};
					87AF556D20A9824300B9A8B6 = {
						CreatedOnToolsVersion = 9.3;
						TestTargetID = 87AF555620A9824100B9A8B6;
					};
					87AF557820A9824300B9A8B6 = {
						CreatedOnToolsVersion = 9.3;
						TestTargetID = 87AF555620A9824100B9A8B6;
					};
				};
			};
			buildConfigurationList = 87AF555220A9824100B9A8B6 /* Build configuration list for PBXProject "UserProfileSync" */;
			compatibilityVersion = "Xcode 9.3";
			developmentRegion = en;
			hasScannedForEncodings = 0;
			knownRegions = (
				en,
				Base,
			);
			mainGroup = 87AF554E20A9824100B9A8B6;
			productRefGroup = 87AF555820A9824100B9A8B6 /* Products */;
			projectDirPath = "";
			projectRoot = "";
			targets = (
				87AF555620A9824100B9A8B6 /* UserProfileSync */,
				87AF556D20A9824300B9A8B6 /* UserProfileSyncTests */,
				87AF557820A9824300B9A8B6 /* UserProfileSyncUITests */,
			);
		};
/* End PBXProject section */

/* Begin PBXResourcesBuildPhase section */
		87AF555520A9824100B9A8B6 /* Resources */ = {
			isa = PBXResourcesBuildPhase;
			buildActionMask = 2147483647;
			files = (
				87AF556820A9824300B9A8B6 /* LaunchScreen.storyboard in Resources */,
				87AF556520A9824300B9A8B6 /* Assets.xcassets in Resources */,
				87AF556020A9824100B9A8B6 /* Main.storyboard in Resources */,
			);
			runOnlyForDeploymentPostprocessing = 0;
		};
		87AF556C20A9824300B9A8B6 /* Resources */ = {
			isa = PBXResourcesBuildPhase;
			buildActionMask = 2147483647;
			files = (
			);
			runOnlyForDeploymentPostprocessing = 0;
		};
		87AF557720A9824300B9A8B6 /* Resources */ = {
			isa = PBXResourcesBuildPhase;
			buildActionMask = 2147483647;
			files = (
			);
			runOnlyForDeploymentPostprocessing = 0;
		};
/* End PBXResourcesBuildPhase section */

/* Begin PBXSourcesBuildPhase section */
		87AF555320A9824100B9A8B6 /* Sources */ = {
			isa = PBXSourcesBuildPhase;
			buildActionMask = 2147483647;
			files = (
				87AF555D20A9824100B9A8B6 /* ViewController.swift in Sources */,
				87AF556320A9824100B9A8B6 /* UserProfileSync.xcdatamodeld in Sources */,
				87AF555B20A9824100B9A8B6 /* AppDelegate.swift in Sources */,
			);
			runOnlyForDeploymentPostprocessing = 0;
		};
		87AF556A20A9824300B9A8B6 /* Sources */ = {
			isa = PBXSourcesBuildPhase;
			buildActionMask = 2147483647;
			files = (
				87AF557320A9824300B9A8B6 /* UserProfileSyncTests.swift in Sources */,
			);
			runOnlyForDeploymentPostprocessing = 0;
		};
		87AF557520A9824300B9A8B6 /* Sources */ = {
			isa = PBXSourcesBuildPhase;
			buildActionMask = 2147483647;
			files = (
				87AF557E20A9824300B9A8B6 /* UserProfileSyncUITests.swift in Sources */,
			);
			runOnlyForDeploymentPostprocessing = 0;
		};
/* End PBXSourcesBuildPhase section */

/* Begin PBXTargetDependency section */
		87AF557020A9824300B9A8B6 /* PBXTargetDependency */ = {
			isa = PBXTargetDependency;
			target = 87AF555620A9824100B9A8B6 /* UserProfileSync */;
			targetProxy = 87AF556F20A9824300B9A8B6 /* PBXContainerItemProxy */;
		};
		87AF557B20A9824300B9A8B6 /* PBXTargetDependency */ = {
			isa = PBXTargetDependency;
			target = 87AF555620A9824100B9A8B6 /* UserProfileSync */;
			targetProxy = 87AF557A20A9824300B9A8B6 /* PBXContainerItemProxy */;
		};
/* End PBXTargetDependency section */

/* Begin PBXVariantGroup section */
		87AF555E20A9824100B9A8B6 /* Main.storyboard */ = {
			isa = PBXVariantGroup;
			children = (
				87AF555F20A9824100B9A8B6 /* Base */,
			);
			name = Main.storyboard;
			sourceTree = "<group>";
		};
		87AF556620A9824300B9A8B6 /* LaunchScreen.storyboard */ = {
			isa = PBXVariantGroup;
			children = (
				87AF556720A9824300B9A8B6 /* Base */,
			);
			name = LaunchScreen.storyboard;
			sourceTree = "<group>";
		};
/* End PBXVariantGroup section */

/* Begin XCBuildConfiguration section */
		87AF558020A9824300B9A8B6 /* Debug */ = {
			isa = XCBuildConfiguration;
			buildSettings = {
				ALWAYS_SEARCH_USER_PATHS = NO;
				CLANG_ANALYZER_NONNULL = YES;
				CLANG_ANALYZER_NUMBER_OBJECT_CONVERSION = YES_AGGRESSIVE;
				CLANG_CXX_LANGUAGE_STANDARD = "gnu++14";
				CLANG_CXX_LIBRARY = "libc++";
				CLANG_ENABLE_MODULES = YES;
				CLANG_ENABLE_OBJC_ARC = YES;
				CLANG_ENABLE_OBJC_WEAK = YES;
				CLANG_WARN_BLOCK_CAPTURE_AUTORELEASING = YES;
				CLANG_WARN_BOOL_CONVERSION = YES;
				CLANG_WARN_COMMA = YES;
				CLANG_WARN_CONSTANT_CONVERSION = YES;
				CLANG_WARN_DEPRECATED_OBJC_IMPLEMENTATIONS = YES;
				CLANG_WARN_DIRECT_OBJC_ISA_USAGE = YES_ERROR;
				CLANG_WARN_DOCUMENTATION_COMMENTS = YES;
				CLANG_WARN_EMPTY_BODY = YES;
				CLANG_WARN_ENUM_CONVERSION = YES;
				CLANG_WARN_INFINITE_RECURSION = YES;
				CLANG_WARN_INT_CONVERSION = YES;
				CLANG_WARN_NON_LITERAL_NULL_CONVERSION = YES;
				CLANG_WARN_OBJC_IMPLICIT_RETAIN_SELF = YES;
				CLANG_WARN_OBJC_LITERAL_CONVERSION = YES;
				CLANG_WARN_OBJC_ROOT_CLASS = YES_ERROR;
				CLANG_WARN_RANGE_LOOP_ANALYSIS = YES;
				CLANG_WARN_STRICT_PROTOTYPES = YES;
				CLANG_WARN_SUSPICIOUS_MOVE = YES;
				CLANG_WARN_UNGUARDED_AVAILABILITY = YES_AGGRESSIVE;
				CLANG_WARN_UNREACHABLE_CODE = YES;
				CLANG_WARN__DUPLICATE_METHOD_MATCH = YES;
				CODE_SIGN_IDENTITY = "iPhone Developer";
				COPY_PHASE_STRIP = NO;
				DEBUG_INFORMATION_FORMAT = dwarf;
				ENABLE_STRICT_OBJC_MSGSEND = YES;
				ENABLE_TESTABILITY = YES;
				GCC_C_LANGUAGE_STANDARD = gnu11;
				GCC_DYNAMIC_NO_PIC = NO;
				GCC_NO_COMMON_BLOCKS = YES;
				GCC_OPTIMIZATION_LEVEL = 0;
				GCC_PREPROCESSOR_DEFINITIONS = (
					"DEBUG=1",
					"$(inherited)",
				);
				GCC_WARN_64_TO_32_BIT_CONVERSION = YES;
				GCC_WARN_ABOUT_RETURN_TYPE = YES_ERROR;
				GCC_WARN_UNDECLARED_SELECTOR = YES;
				GCC_WARN_UNINITIALIZED_AUTOS = YES_AGGRESSIVE;
				GCC_WARN_UNUSED_FUNCTION = YES;
				GCC_WARN_UNUSED_VARIABLE = YES;
				IPHONEOS_DEPLOYMENT_TARGET = 11.3;
				MTL_ENABLE_DEBUG_INFO = YES;
				ONLY_ACTIVE_ARCH = YES;
				SDKROOT = iphoneos;
				SWIFT_ACTIVE_COMPILATION_CONDITIONS = DEBUG;
				SWIFT_OPTIMIZATION_LEVEL = "-Onone";
			};
			name = Debug;
		};
		87AF558120A9824300B9A8B6 /* Release */ = {
			isa = XCBuildConfiguration;
			buildSettings = {
				ALWAYS_SEARCH_USER_PATHS = NO;
				CLANG_ANALYZER_NONNULL = YES;
				CLANG_ANALYZER_NUMBER_OBJECT_CONVERSION = YES_AGGRESSIVE;
				CLANG_CXX_LANGUAGE_STANDARD = "gnu++14";
				CLANG_CXX_LIBRARY = "libc++";
				CLANG_ENABLE_MODULES = YES;
				CLANG_ENABLE_OBJC_ARC = YES;
				CLANG_ENABLE_OBJC_WEAK = YES;
				CLANG_WARN_BLOCK_CAPTURE_AUTORELEASING = YES;
				CLANG_WARN_BOOL_CONVERSION = YES;
				CLANG_WARN_COMMA = YES;
				CLANG_WARN_CONSTANT_CONVERSION = YES;
				CLANG_WARN_DEPRECATED_OBJC_IMPLEMENTATIONS = YES;
				CLANG_WARN_DIRECT_OBJC_ISA_USAGE = YES_ERROR;
				CLANG_WARN_DOCUMENTATION_COMMENTS = YES;
				CLANG_WARN_EMPTY_BODY = YES;
				CLANG_WARN_ENUM_CONVERSION = YES;
				CLANG_WARN_INFINITE_RECURSION = YES;
				CLANG_WARN_INT_CONVERSION = YES;
				CLANG_WARN_NON_LITERAL_NULL_CONVERSION = YES;
				CLANG_WARN_OBJC_IMPLICIT_RETAIN_SELF = YES;
				CLANG_WARN_OBJC_LITERAL_CONVERSION = YES;
				CLANG_WARN_OBJC_ROOT_CLASS = YES_ERROR;
				CLANG_WARN_RANGE_LOOP_ANALYSIS = YES;
				CLANG_WARN_STRICT_PROTOTYPES = YES;
				CLANG_WARN_SUSPICIOUS_MOVE = YES;
				CLANG_WARN_UNGUARDED_AVAILABILITY = YES_AGGRESSIVE;
				CLANG_WARN_UNREACHABLE_CODE = YES;
				CLANG_WARN__DUPLICATE_METHOD_MATCH = YES;
				CODE_SIGN_IDENTITY = "iPhone Developer";
				COPY_PHASE_STRIP = NO;
				DEBUG_INFORMATION_FORMAT = "dwarf-with-dsym";
				ENABLE_NS_ASSERTIONS = NO;
				ENABLE_STRICT_OBJC_MSGSEND = YES;
				GCC_C_LANGUAGE_STANDARD = gnu11;
				GCC_NO_COMMON_BLOCKS = YES;
				GCC_WARN_64_TO_32_BIT_CONVERSION = YES;
				GCC_WARN_ABOUT_RETURN_TYPE = YES_ERROR;
				GCC_WARN_UNDECLARED_SELECTOR = YES;
				GCC_WARN_UNINITIALIZED_AUTOS = YES_AGGRESSIVE;
				GCC_WARN_UNUSED_FUNCTION = YES;
				GCC_WARN_UNUSED_VARIABLE = YES;
				IPHONEOS_DEPLOYMENT_TARGET = 11.3;
				MTL_ENABLE_DEBUG_INFO = NO;
				SDKROOT = iphoneos;
				SWIFT_COMPILATION_MODE = wholemodule;
				SWIFT_OPTIMIZATION_LEVEL = "-O";
				VALIDATE_PRODUCT = YES;
			};
			name = Release;
		};
		87AF558320A9824300B9A8B6 /* Debug */ = {
			isa = XCBuildConfiguration;
			buildSettings = {
				ASSETCATALOG_COMPILER_APPICON_NAME = AppIcon;
				CODE_SIGN_STYLE = Automatic;
				DEVELOPMENT_TEAM = DUSUU2GGN6;
				INFOPLIST_FILE = UserProfileSync/Info.plist;
				LD_RUNPATH_SEARCH_PATHS = (
					"$(inherited)",
					"@executable_path/Frameworks",
				);
				PRODUCT_BUNDLE_IDENTIFIER = olamarius.UserProfileSync;
				PRODUCT_NAME = "$(TARGET_NAME)";
				SWIFT_VERSION = 4.0;
				TARGETED_DEVICE_FAMILY = "1,2";
			};
			name = Debug;
		};
		87AF558420A9824300B9A8B6 /* Release */ = {
			isa = XCBuildConfiguration;
			buildSettings = {
				ASSETCATALOG_COMPILER_APPICON_NAME = AppIcon;
				CODE_SIGN_STYLE = Automatic;
				DEVELOPMENT_TEAM = DUSUU2GGN6;
				INFOPLIST_FILE = UserProfileSync/Info.plist;
				LD_RUNPATH_SEARCH_PATHS = (
					"$(inherited)",
					"@executable_path/Frameworks",
				);
				PRODUCT_BUNDLE_IDENTIFIER = olamarius.UserProfileSync;
				PRODUCT_NAME = "$(TARGET_NAME)";
				SWIFT_VERSION = 4.0;
				TARGETED_DEVICE_FAMILY = "1,2";
			};
			name = Release;
		};
		87AF558620A9824300B9A8B6 /* Debug */ = {
			isa = XCBuildConfiguration;
			buildSettings = {
				ALWAYS_EMBED_SWIFT_STANDARD_LIBRARIES = YES;
				BUNDLE_LOADER = "$(TEST_HOST)";
				CODE_SIGN_STYLE = Automatic;
				DEVELOPMENT_TEAM = DUSUU2GGN6;
				INFOPLIST_FILE = UserProfileSyncTests/Info.plist;
				LD_RUNPATH_SEARCH_PATHS = (
					"$(inherited)",
					"@executable_path/Frameworks",
					"@loader_path/Frameworks",
				);
				PRODUCT_BUNDLE_IDENTIFIER = olamarius.UserProfileSyncTests;
				PRODUCT_NAME = "$(TARGET_NAME)";
				SWIFT_VERSION = 4.0;
				TARGETED_DEVICE_FAMILY = "1,2";
				TEST_HOST = "$(BUILT_PRODUCTS_DIR)/UserProfileSync.app/UserProfileSync";
			};
			name = Debug;
		};
		87AF558720A9824300B9A8B6 /* Release */ = {
			isa = XCBuildConfiguration;
			buildSettings = {
				ALWAYS_EMBED_SWIFT_STANDARD_LIBRARIES = YES;
				BUNDLE_LOADER = "$(TEST_HOST)";
				CODE_SIGN_STYLE = Automatic;
				DEVELOPMENT_TEAM = DUSUU2GGN6;
				INFOPLIST_FILE = UserProfileSyncTests/Info.plist;
				LD_RUNPATH_SEARCH_PATHS = (
					"$(inherited)",
					"@executable_path/Frameworks",
					"@loader_path/Frameworks",
				);
				PRODUCT_BUNDLE_IDENTIFIER = olamarius.UserProfileSyncTests;
				PRODUCT_NAME = "$(TARGET_NAME)";
				SWIFT_VERSION = 4.0;
				TARGETED_DEVICE_FAMILY = "1,2";
				TEST_HOST = "$(BUILT_PRODUCTS_DIR)/UserProfileSync.app/UserProfileSync";
			};
			name = Release;
		};
		87AF558920A9824300B9A8B6 /* Debug */ = {
			isa = XCBuildConfiguration;
			buildSettings = {
				ALWAYS_EMBED_SWIFT_STANDARD_LIBRARIES = YES;
				CODE_SIGN_STYLE = Automatic;
				DEVELOPMENT_TEAM = DUSUU2GGN6;
				INFOPLIST_FILE = UserProfileSyncUITests/Info.plist;
				LD_RUNPATH_SEARCH_PATHS = (
					"$(inherited)",
					"@executable_path/Frameworks",
					"@loader_path/Frameworks",
				);
				PRODUCT_BUNDLE_IDENTIFIER = olamarius.UserProfileSyncUITests;
				PRODUCT_NAME = "$(TARGET_NAME)";
				SWIFT_VERSION = 4.0;
				TARGETED_DEVICE_FAMILY = "1,2";
				TEST_TARGET_NAME = UserProfileSync;
			};
			name = Debug;
		};
		87AF558A20A9824300B9A8B6 /* Release */ = {
			isa = XCBuildConfiguration;
			buildSettings = {
				ALWAYS_EMBED_SWIFT_STANDARD_LIBRARIES = YES;
				CODE_SIGN_STYLE = Automatic;
				DEVELOPMENT_TEAM = DUSUU2GGN6;
				INFOPLIST_FILE = UserProfileSyncUITests/Info.plist;
				LD_RUNPATH_SEARCH_PATHS = (
					"$(inherited)",
					"@executable_path/Frameworks",
					"@loader_path/Frameworks",
				);
				PRODUCT_BUNDLE_IDENTIFIER = olamarius.UserProfileSyncUITests;
				PRODUCT_NAME = "$(TARGET_NAME)";
				SWIFT_VERSION = 4.0;
				TARGETED_DEVICE_FAMILY = "1,2";
				TEST_TARGET_NAME = UserProfileSync;
			};
			name = Release;
		};
/* End XCBuildConfiguration section */

/* Begin XCConfigurationList section */
		87AF555220A9824100B9A8B6 /* Build configuration list for PBXProject "UserProfileSync" */ = {
			isa = XCConfigurationList;
			buildConfigurations = (
				87AF558020A9824300B9A8B6 /* Debug */,
				87AF558120A9824300B9A8B6 /* Release */,
			);
			defaultConfigurationIsVisible = 0;
			defaultConfigurationName = Release;
		};
		87AF558220A9824300B9A8B6 /* Build configuration list for PBXNativeTarget "UserProfileSync" */ = {
			isa = XCConfigurationList;
			buildConfigurations = (
				87AF558320A9824300B9A8B6 /* Debug */,
				87AF558420A9824300B9A8B6 /* Release */,
			);
			defaultConfigurationIsVisible = 0;
			defaultConfigurationName = Release;
		};
		87AF558520A9824300B9A8B6 /* Build configuration list for PBXNativeTarget "UserProfileSyncTests" */ = {
			isa = XCConfigurationList;
			buildConfigurations = (
				87AF558620A9824300B9A8B6 /* Debug */,
				87AF558720A9824300B9A8B6 /* Release */,
			);
			defaultConfigurationIsVisible = 0;
			defaultConfigurationName = Release;
		};
		87AF558820A9824300B9A8B6 /* Build configuration list for PBXNativeTarget "UserProfileSyncUITests" */ = {
			isa = XCConfigurationList;
			buildConfigurations = (
				87AF558920A9824300B9A8B6 /* Debug */,
				87AF558A20A9824300B9A8B6 /* Release */,
			);
			defaultConfigurationIsVisible = 0;
			defaultConfigurationName = Release;
		};
/* End XCConfigurationList section */

/* Begin XCVersionGroup section */
		87AF556120A9824100B9A8B6 /* UserProfileSync.xcdatamodeld */ = {
			isa = XCVersionGroup;
			children = (
				87AF556220A9824100B9A8B6 /* UserProfileSync.xcdatamodel */,
			);
			currentVersion = 87AF556220A9824100B9A8B6 /* UserProfileSync.xcdatamodel */;
			path = UserProfileSync.xcdatamodeld;
			sourceTree = "<group>";
			versionGroupType = wrapper.xcdatamodel;
		};
/* End XCVersionGroup section */
	};
	rootObject = 87AF554F20A9824100B9A8B6 /* Project object */;
}
